{
  "version": 4,
  "terraform_version": "1.5.7",
  "serial": 30,
  "lineage": "f2aee26d-5e99-7a9b-45a1-a235951e4665",
  "outputs": {},
  "resources": [
    {
      "module": "module.hello_world_image",
      "mode": "managed",
      "type": "docker_image",
      "name": "nginx",
      "provider": "provider[\"registry.terraform.io/kreuzwerker/docker\"]",
      "instances": [
        {
          "schema_version": 0,
          "attributes": {
            "build": [],
            "force_remove": false,
            "id": "sha256:9c7a54a9a43cca047013b82af109fe963fde787f63f9e016fdc3384500c2823dhello-world",
            "image_id": "sha256:9c7a54a9a43cca047013b82af109fe963fde787f63f9e016fdc3384500c2823d",
            "keep_locally": false,
            "name": "hello-world",
            "platform": null,
            "pull_triggers": null,
            "repo_digest": "hello-world@sha256:88ec0acaa3ec199d3b7eaf73588f4518c25f9d34f58ce9a0df68429c5af48e8d",
            "triggers": null
          },
          "sensitive_attributes": [],
          "private": "bnVsbA=="
        }
      ]
    }
  ],
  "check_results": null
}
