{
  "version": 4,
  "terraform_version": "1.5.7",
  "serial": 28,
  "lineage": "f2aee26d-5e99-7a9b-45a1-a235951e4665",
  "outputs": {},
  "resources": [
    {
      "module": "module.hello_world_image",
      "mode": "managed",
      "type": "docker_image",
      "name": "nginx",
      "provider": "provider[\"registry.terraform.io/kreuzwerker/docker\"]",
      "instances": [
        {
          "schema_version": 0,
          "attributes": {
            "build": [],
            "force_remove": false,
            "id": "sha256:feb5d9fea6a5e9606aa995e879d862b825965ba48de054caab5ef356dc6b3412hello-world",
            "image_id": "sha256:feb5d9fea6a5e9606aa995e879d862b825965ba48de054caab5ef356dc6b3412",
            "keep_locally": false,
            "name": "hello-world",
            "platform": null,
            "pull_triggers": null,
            "repo_digest": "hello-world@sha256:97a379f4f88575512824f3b352bc03cd75e239179eea0fecc38e597b2209f49a",
            "triggers": null
          },
          "sensitive_attributes": [],
          "private": "bnVsbA=="
        }
      ]
    }
  ],
  "check_results": null
}
